PODS:
  - KeychainAccess (4.1.0)
  - ObjectivePGP (0.15.0)
  - Realm (4.1.1):
    - Realm/Headers (= 4.1.1)
  - Realm/Headers (4.1.1)
  - RealmSwift (4.1.1):
    - Realm (= 4.1.1)
  - SDWebImage (5.3.2):
    - SDWebImage/Core (= 5.3.2)
  - SDWebImage/Core (5.3.2)
  - SideMenu (5.0.1)
  - SVProgressHUD (2.2.5)
  - SwiftTheme (0.4.7)

DEPENDENCIES:
  - KeychainAccess (~> 4.1.0)
  - ObjectivePGP (~> 0.15.0)
  - RealmSwift (~> 4.1.1)
  - SDWebImage (~> 5.3.1)
  - SideMenu (~> 5.0.1)
  - SVProgressHUD (~> 2.2.5)
  - SwiftTheme (~> 0.4.7)

SPEC REPOS:
  trunk:
    - KeychainAccess
    - ObjectivePGP
    - Realm
    - RealmSwift
    - SDWebImage
    - SideMenu
    - SVProgressHUD
    - SwiftTheme

SPEC CHECKSUMS:
  KeychainAccess: 445e28864fe6d3458b41fa211bcdc39890e8bd5a
  ObjectivePGP: 35a73ed3253e7e2982184ea86b1ff6c5773d1299
  Realm: 25f0a8244cbb1c2271c922963ea8666fc2d8104d
  RealmSwift: 9e2657b33764f80e4a4dffd6d440e24715782052
  SDWebImage: 6ac2eb96571bff96ecde31a987172c5934a0eb7d
  SideMenu: 87efd943737bb83aedf0358884d09fcf5576636d
  SVProgressHUD: 1428aafac632c1f86f62aa4243ec12008d7a51d6
  SwiftTheme: 67bbb51f2ef69570164562376f441655a143399d

PODFILE CHECKSUM: ada3141346262a229acd91bbdc5fe22a91fed64e

COCOAPODS: 1.8.4
