PODS:
  - KeychainAccess (3.1.2)
  - ObjectivePGP (0.13.0)
  - Realm (3.16.2):
    - Realm/Headers (= 3.16.2)
  - Realm/Headers (3.16.2)
  - RealmSwift (3.16.2):
    - Realm (= 3.16.2)
  - SDWebImage (4.4.5):
    - SDWebImage/Core (= 4.4.5)
  - SDWebImage/Core (4.4.5)
  - SideMenu (4.0.0)
  - SVProgressHUD (2.2.5)

DEPENDENCIES:
  - KeychainAccess (~> 3.1.2)
  - ObjectivePGP (~> 0.13.0)
  - RealmSwift (~> 3.16.2)
  - SDWebImage (~> 4.4.5)
  - SideMenu (~> 4.0.0)
  - SVProgressHUD (~> 2.2.5)

SPEC REPOS:
  trunk:
    - KeychainAccess
    - ObjectivePGP
    - Realm
    - RealmSwift
    - SDWebImage
    - SideMenu
    - SVProgressHUD

SPEC CHECKSUMS:
  KeychainAccess: b3816fddcf28aa29d94b10ec305cd52be14c472b
  ObjectivePGP: a99461bc871424bdbb8fb6fd80dcd20cbeeee9ec
  Realm: 0e73b4edeb5b6a90da3d83206883b2e34e00eb38
  RealmSwift: a81e650171ef0a5f999df1ed8d39ba8d6fce88a4
  SDWebImage: ecc03494e973b93b80213649d32175f8d2d17d4d
  SideMenu: 70ee5657df63ec3382660ec4ef470bf1cf5db07d
  SVProgressHUD: 1428aafac632c1f86f62aa4243ec12008d7a51d6

PODFILE CHECKSUM: eb654e24b485eb918a8047f0c57d446c57a59ac2

COCOAPODS: 1.8.4
