// !$*UTF8*$!
{
	archiveVersion = 1;
	classes = {
	};
	objectVersion = 51;
	objects = {

/* Begin PBXBuildFile section */
		0CC32E07953282CE2F7F91C3 /* Pods_PrivateMail.framework in Frameworks */ = {isa = PBXBuildFile; fileRef = C87AD6871918A3E22A45053C /* Pods_PrivateMail.framework */; };
		321743B6A25A55F898A69FA7 /* Pods_PrivateMailTests.framework in Frameworks */ = {isa = PBXBuildFile; fileRef = D6697EDFE83C9B13917808AE /* Pods_PrivateMailTests.framework */; };
		68B691FEFCD437BAD0B5D0FF /* Config.plist in Resources */ = {isa = PBXBuildFile; fileRef = 68B696C31F0F200FA20ABCE7 /* Config.plist */; };
		68B692B854E411066EFCFEA5 /* Light.plist in Resources */ = {isa = PBXBuildFile; fileRef = 68B69DA402AEF3424B67DC73 /* Light.plist */; };
		68B696FFFEAA5C22DB6234B1 /* UILabel+Extension.swift in Sources */ = {isa = PBXBuildFile; fileRef = 68B69E36135DB09FF4322554 /* UILabel+Extension.swift */; };
		68B6979FB500692133EE880F /* Dark.plist in Resources */ = {isa = PBXBuildFile; fileRef = 68B697B82EDD115507C9FECF /* Dark.plist */; };
		68B6981AC67611DFC4C286A3 /* UIButton+Extension.swift in Sources */ = {isa = PBXBuildFile; fileRef = 68B69574BA173CD1D6C51F84 /* UIButton+Extension.swift */; };
		68B699A88E768DE0E8FFB378 /* Buttons.swift in Sources */ = {isa = PBXBuildFile; fileRef = 68B69FDD550AD3245AA36772 /* Buttons.swift */; };
		68B69A9D5F29A7BEA8DA7DA1 /* IdentitiesRepository.swift in Sources */ = {isa = PBXBuildFile; fileRef = 68B698A9017D76CE64A1A583 /* IdentitiesRepository.swift */; };
		68B69BC500695504BF207CE0 /* ProgressHUD.swift in Sources */ = {isa = PBXBuildFile; fileRef = 68B6936AB1C68DC6749E5E28 /* ProgressHUD.swift */; };
		68B69D19C4A295CF0668565B /* Localizable.swift in Sources */ = {isa = PBXBuildFile; fileRef = 68B69AB2192F0D47609965A8 /* Localizable.swift */; };
		68B69E0B97169433F5B29933 /* Collection+Extensions.swift in Sources */ = {isa = PBXBuildFile; fileRef = 68B696135E089C59140FAC11 /* Collection+Extensions.swift */; };
		68B69EBCB168B6C10FDB5F11 /* Theme.swift in Sources */ = {isa = PBXBuildFile; fileRef = 68B6933E619BB0B8013C0C67 /* Theme.swift */; };
		68B69FBBED1384FDD1E46E92 /* Config.swift in Sources */ = {isa = PBXBuildFile; fileRef = 68B693E3D1BF5A3789A81CA9 /* Config.swift */; };
		68B69FCD8C45A8FE800F8D94 /* UrlsManager.swift in Sources */ = {isa = PBXBuildFile; fileRef = 68B69AE317A6CF9DA975B2FB /* UrlsManager.swift */; };
		8251612B96DDB65962FF4437 /* Pods_PrivateMailUITests.framework in Frameworks */ = {isa = PBXBuildFile; fileRef = BD6D5FDE03D0B8B4873CF537 /* Pods_PrivateMailUITests.framework */; };
		A343D6F0238D576A00EF8BD9 /* IdentityChooserTableViewCell.xib in Resources */ = {isa = PBXBuildFile; fileRef = A343D6EF238D576A00EF8BD9 /* IdentityChooserTableViewCell.xib */; };
		A343D6F2238D57BE00EF8BD9 /* IdentityChooserTableViewCell.swift in Sources */ = {isa = PBXBuildFile; fileRef = A343D6F1238D57BE00EF8BD9 /* IdentityChooserTableViewCell.swift */; };
		A3EF513D238521C300B2D9C1 /* UserLimitsViewController.swift in Sources */ = {isa = PBXBuildFile; fileRef = A3EF513C238521C300B2D9C1 /* UserLimitsViewController.swift */; };
		DB21C1D923D5A0700016BD3A /* TwoFactorAuthController.swift in Sources */ = {isa = PBXBuildFile; fileRef = DB21C1D823D5A0700016BD3A /* TwoFactorAuthController.swift */; };
		DB33C78B23DB0D7900AB88D9 /* AboutController.swift in Sources */ = {isa = PBXBuildFile; fileRef = DB33C78A23DB0D7900AB88D9 /* AboutController.swift */; };
		DB4736A323CF2D2700D1AD06 /* ValidSignVerify.swift in Sources */ = {isa = PBXBuildFile; fileRef = DB4736A223CF2D2700D1AD06 /* ValidSignVerify.swift */; };
		DBEB4DEB23DEE98600E957F6 /* ValidCreateSign.swift in Sources */ = {isa = PBXBuildFile; fileRef = DBEB4DEA23DEE98600E957F6 /* ValidCreateSign.swift */; };
		E50122672288981D00CC7477 /* MailPageViewController.swift in Sources */ = {isa = PBXBuildFile; fileRef = E50122662288981D00CC7477 /* MailPageViewController.swift */; };
		E5111F052242BA420036501F /* SettingsViewController.swift in Sources */ = {isa = PBXBuildFile; fileRef = E5111F042242BA420036501F /* SettingsViewController.swift */; };
		E51C60362319A03600FEB411 /* ArialBlack.ttf in Resources */ = {isa = PBXBuildFile; fileRef = E51C60352319A03600FEB411 /* ArialBlack.ttf */; };
		E51C60382319A0EE00FEB411 /* Tahoma.ttf in Resources */ = {isa = PBXBuildFile; fileRef = E51C60372319A0EE00FEB411 /* Tahoma.ttf */; };
		E526714E2253E54900A1D180 /* APIObjects.swift in Sources */ = {isa = PBXBuildFile; fileRef = E526714D2253E54900A1D180 /* APIObjects.swift */; };
		E540988C22837B8600E2C588 /* MailHTMLBodyTableViewCell.xib in Resources */ = {isa = PBXBuildFile; fileRef = E540988A22837B8500E2C588 /* MailHTMLBodyTableViewCell.xib */; };
		E540988D22837B8600E2C588 /* MailHTMLBodyTableViewCell.swift in Sources */ = {isa = PBXBuildFile; fileRef = E540988B22837B8600E2C588 /* MailHTMLBodyTableViewCell.swift */; };
		E544D2F622EA328A00FA468F /* ContactDetailsViewController.swift in Sources */ = {isa = PBXBuildFile; fileRef = E544D2F522EA328A00FA468F /* ContactDetailsViewController.swift */; };
		E544D2FC22EA35FF00FA468F /* ContactDetailTableViewCell.swift in Sources */ = {isa = PBXBuildFile; fileRef = E544D2FA22EA35FF00FA468F /* ContactDetailTableViewCell.swift */; };
		E544D2FD22EA35FF00FA468F /* ContactDetailTableViewCell.xib in Resources */ = {isa = PBXBuildFile; fileRef = E544D2FB22EA35FF00FA468F /* ContactDetailTableViewCell.xib */; };
		E5630A1E224AD1D7002A0FDA /* MailHeaderTableViewCell.swift in Sources */ = {isa = PBXBuildFile; fileRef = E5630A1C224AD1D7002A0FDA /* MailHeaderTableViewCell.swift */; };
		E5630A1F224AD1D7002A0FDA /* MailHeaderTableViewCell.xib in Resources */ = {isa = PBXBuildFile; fileRef = E5630A1D224AD1D7002A0FDA /* MailHeaderTableViewCell.xib */; };
		E5630A22224AE87B002A0FDA /* MailAttachmentTableViewCell.swift in Sources */ = {isa = PBXBuildFile; fileRef = E5630A20224AE87B002A0FDA /* MailAttachmentTableViewCell.swift */; };
		E5630A23224AE87B002A0FDA /* MailAttachmentTableViewCell.xib in Resources */ = {isa = PBXBuildFile; fileRef = E5630A21224AE87B002A0FDA /* MailAttachmentTableViewCell.xib */; };
		E567B4662236D51C00FA9945 /* AppDelegate.swift in Sources */ = {isa = PBXBuildFile; fileRef = E567B4652236D51C00FA9945 /* AppDelegate.swift */; };
		E567B4682236D51C00FA9945 /* MainViewController.swift in Sources */ = {isa = PBXBuildFile; fileRef = E567B4672236D51C00FA9945 /* MainViewController.swift */; };
		E567B46B2236D51C00FA9945 /* Main.storyboard in Resources */ = {isa = PBXBuildFile; fileRef = E567B4692236D51C00FA9945 /* Main.storyboard */; };
		E567B46D2236D51D00FA9945 /* Assets.xcassets in Resources */ = {isa = PBXBuildFile; fileRef = E567B46C2236D51D00FA9945 /* Assets.xcassets */; };
		E567B4702236D51D00FA9945 /* LaunchScreen.storyboard in Resources */ = {isa = PBXBuildFile; fileRef = E567B46E2236D51D00FA9945 /* LaunchScreen.storyboard */; };
		E567B47B2236D51D00FA9945 /* PrivateMailTests.swift in Sources */ = {isa = PBXBuildFile; fileRef = E567B47A2236D51D00FA9945 /* PrivateMailTests.swift */; };
		E567B4862236D51D00FA9945 /* PrivateMailUITests.swift in Sources */ = {isa = PBXBuildFile; fileRef = E567B4852236D51D00FA9945 /* PrivateMailUITests.swift */; };
		E5690D5F22CFCC7C003493E1 /* PGPSettingsViewController.swift in Sources */ = {isa = PBXBuildFile; fileRef = E5690D5E22CFCC7C003493E1 /* PGPSettingsViewController.swift */; };
		E5690D6222CFD23B003493E1 /* SettingsTableViewCell.swift in Sources */ = {isa = PBXBuildFile; fileRef = E5690D6022CFD23B003493E1 /* SettingsTableViewCell.swift */; };
		E5690D6322CFD23B003493E1 /* SettingsTableViewCell.xib in Resources */ = {isa = PBXBuildFile; fileRef = E5690D6122CFD23B003493E1 /* SettingsTableViewCell.xib */; };
		E5690D6622CFDC5F003493E1 /* CommonSettingsViewController.swift in Sources */ = {isa = PBXBuildFile; fileRef = E5690D6522CFDC5F003493E1 /* CommonSettingsViewController.swift */; };
		E5690D6822CFEB0A003493E1 /* SyncSettingsViewController.swift in Sources */ = {isa = PBXBuildFile; fileRef = E5690D6722CFEB0A003493E1 /* SyncSettingsViewController.swift */; };
		E5690D6B22CFFF0E003493E1 /* SettingsButtonTableViewCell.swift in Sources */ = {isa = PBXBuildFile; fileRef = E5690D6922CFFF0E003493E1 /* SettingsButtonTableViewCell.swift */; };
		E5690D6C22CFFF0E003493E1 /* SettingsButtonTableViewCell.xib in Resources */ = {isa = PBXBuildFile; fileRef = E5690D6A22CFFF0E003493E1 /* SettingsButtonTableViewCell.xib */; };
		E5690D6E22D0100F003493E1 /* PGPKeyPreviewViewController.swift in Sources */ = {isa = PBXBuildFile; fileRef = E5690D6D22D0100F003493E1 /* PGPKeyPreviewViewController.swift */; };
		E5690D7022D03659003493E1 /* ImportKeysFromTextViewController.swift in Sources */ = {isa = PBXBuildFile; fileRef = E5690D6F22D03659003493E1 /* ImportKeysFromTextViewController.swift */; };
		E5690D7222D042B1003493E1 /* ImportKeysListViewController.swift in Sources */ = {isa = PBXBuildFile; fileRef = E5690D7122D042B1003493E1 /* ImportKeysListViewController.swift */; };
		E57C099423399F0F008FB3C2 /* GroupDetailsViewController.swift in Sources */ = {isa = PBXBuildFile; fileRef = E57C099323399F0F008FB3C2 /* GroupDetailsViewController.swift */; };
		E580A2DE22EBAA2200E90C89 /* KeyImportTableViewCell.swift in Sources */ = {isa = PBXBuildFile; fileRef = E580A2DC22EBAA2200E90C89 /* KeyImportTableViewCell.swift */; };
		E580A2DF22EBAA2200E90C89 /* KeyImportTableViewCell.xib in Resources */ = {isa = PBXBuildFile; fileRef = E580A2DD22EBAA2200E90C89 /* KeyImportTableViewCell.xib */; };
		E58493DA22E9027700E6F160 /* ContactTableViewCell.swift in Sources */ = {isa = PBXBuildFile; fileRef = E58493D822E9027700E6F160 /* ContactTableViewCell.swift */; };
		E58493DB22E9027700E6F160 /* ContactTableViewCell.xib in Resources */ = {isa = PBXBuildFile; fileRef = E58493D922E9027700E6F160 /* ContactTableViewCell.xib */; };
		E5A032E0223ADEA1001BC795 /* Localizable.strings in Resources */ = {isa = PBXBuildFile; fileRef = E5A032E2223ADEA1001BC795 /* Localizable.strings */; };
		E5A032E6223B0AFC001BC795 /* FolderTableViewCell.swift in Sources */ = {isa = PBXBuildFile; fileRef = E5A032E4223B0AFC001BC795 /* FolderTableViewCell.swift */; };
		E5A032E7223B0AFC001BC795 /* FolderTableViewCell.xib in Resources */ = {isa = PBXBuildFile; fileRef = E5A032E5223B0AFC001BC795 /* FolderTableViewCell.xib */; };
		E5A032E9223B0BDB001BC795 /* Helpers.swift in Sources */ = {isa = PBXBuildFile; fileRef = E5A032E8223B0BDB001BC795 /* Helpers.swift */; };
		E5A032EB223B16BB001BC795 /* ModelControllers.swift in Sources */ = {isa = PBXBuildFile; fileRef = E5A032EA223B16BB001BC795 /* ModelControllers.swift */; };
		E5A032ED223B1A11001BC795 /* MailViewController.swift in Sources */ = {isa = PBXBuildFile; fileRef = E5A032EC223B1A11001BC795 /* MailViewController.swift */; };
		E5B2DD6722FDDE3C00EB84A4 /* AddressFieldCollectionViewCell.swift in Sources */ = {isa = PBXBuildFile; fileRef = E5B2DD6522FDDE3C00EB84A4 /* AddressFieldCollectionViewCell.swift */; };
		E5B2DD6822FDDE3C00EB84A4 /* AddressFieldCollectionViewCell.xib in Resources */ = {isa = PBXBuildFile; fileRef = E5B2DD6622FDDE3C00EB84A4 /* AddressFieldCollectionViewCell.xib */; };
		E5BB7742232FAFF400DA6979 /* GroupsViewController.swift in Sources */ = {isa = PBXBuildFile; fileRef = E5BB7741232FAFF400DA6979 /* GroupsViewController.swift */; };
		E5BB7746232FB7E200DA6979 /* GroupTableViewCell.swift in Sources */ = {isa = PBXBuildFile; fileRef = E5BB7744232FB7E200DA6979 /* GroupTableViewCell.swift */; };
		E5BB7747232FB7E200DA6979 /* GroupTableViewCell.xib in Resources */ = {isa = PBXBuildFile; fileRef = E5BB7745232FB7E200DA6979 /* GroupTableViewCell.xib */; };
		E5CF520F228CA3BF00E94704 /* StorageProvider.swift in Sources */ = {isa = PBXBuildFile; fileRef = E5CF520E228CA3BF00E94704 /* StorageProvider.swift */; };
		E5CF5211228CA42400E94704 /* MenuModelController.swift in Sources */ = {isa = PBXBuildFile; fileRef = E5CF5210228CA42400E94704 /* MenuModelController.swift */; };
		E5F1D7842242CFE2007071AA /* ContactsViewController.swift in Sources */ = {isa = PBXBuildFile; fileRef = E5F1D7832242CFE2007071AA /* ContactsViewController.swift */; };
		E5F1D7872242D3E4007071AA /* AddressTableViewCell.swift in Sources */ = {isa = PBXBuildFile; fileRef = E5F1D7852242D3E4007071AA /* AddressTableViewCell.swift */; };
		E5F1D7882242D3E4007071AA /* AddressTableViewCell.xib in Resources */ = {isa = PBXBuildFile; fileRef = E5F1D7862242D3E4007071AA /* AddressTableViewCell.xib */; };
		E5F1D78B2242DAF2007071AA /* AddressCollectionViewCell.swift in Sources */ = {isa = PBXBuildFile; fileRef = E5F1D7892242DAF2007071AA /* AddressCollectionViewCell.swift */; };
		E5F1D78C2242DAF2007071AA /* AddressCollectionViewCell.xib in Resources */ = {isa = PBXBuildFile; fileRef = E5F1D78A2242DAF2007071AA /* AddressCollectionViewCell.xib */; };
		E5F1D78F2242E067007071AA /* MailSubjectTableViewCell.swift in Sources */ = {isa = PBXBuildFile; fileRef = E5F1D78D2242E067007071AA /* MailSubjectTableViewCell.swift */; };
		E5F1D7902242E067007071AA /* MailSubjectTableViewCell.xib in Resources */ = {isa = PBXBuildFile; fileRef = E5F1D78E2242E067007071AA /* MailSubjectTableViewCell.xib */; };
		E5F1D7932242E626007071AA /* MailBodyTableViewCell.swift in Sources */ = {isa = PBXBuildFile; fileRef = E5F1D7912242E626007071AA /* MailBodyTableViewCell.swift */; };
		E5F1D7942242E626007071AA /* MailBodyTableViewCell.xib in Resources */ = {isa = PBXBuildFile; fileRef = E5F1D7922242E626007071AA /* MailBodyTableViewCell.xib */; };
		E5F28A972238442D002721ED /* MailTableViewCell.swift in Sources */ = {isa = PBXBuildFile; fileRef = E5F28A952238442D002721ED /* MailTableViewCell.swift */; };
		E5F28A982238442D002721ED /* MailTableViewCell.xib in Resources */ = {isa = PBXBuildFile; fileRef = E5F28A962238442D002721ED /* MailTableViewCell.xib */; };
		E5F28A9B22384A56002721ED /* API.swift in Sources */ = {isa = PBXBuildFile; fileRef = E5F28A9A22384A56002721ED /* API.swift */; };
		E5F28A9D223856DD002721ED /* LoginViewController.swift in Sources */ = {isa = PBXBuildFile; fileRef = E5F28A9C223856DD002721ED /* LoginViewController.swift */; };
		E5F28A9F22386172002721ED /* ComposeMailViewController.swift in Sources */ = {isa = PBXBuildFile; fileRef = E5F28A9E22386172002721ED /* ComposeMailViewController.swift */; };
		E5F28AA1223864B2002721ED /* ColorScheme.swift in Sources */ = {isa = PBXBuildFile; fileRef = E5F28AA0223864B2002721ED /* ColorScheme.swift */; };
		E5F28AA322387ACB002721ED /* SideMenuViewController.swift in Sources */ = {isa = PBXBuildFile; fileRef = E5F28AA222387ACB002721ED /* SideMenuViewController.swift */; };
/* End PBXBuildFile section */

/* Begin PBXContainerItemProxy section */
		E567B4772236D51D00FA9945 /* PBXContainerItemProxy */ = {
			isa = PBXContainerItemProxy;
			containerPortal = E567B45A2236D51C00FA9945 /* Project object */;
			proxyType = 1;
			remoteGlobalIDString = E567B4612236D51C00FA9945;
			remoteInfo = PrivateMail;
		};
		E567B4822236D51D00FA9945 /* PBXContainerItemProxy */ = {
			isa = PBXContainerItemProxy;
			containerPortal = E567B45A2236D51C00FA9945 /* Project object */;
			proxyType = 1;
			remoteGlobalIDString = E567B4612236D51C00FA9945;
			remoteInfo = PrivateMail;
		};
/* End PBXContainerItemProxy section */

/* Begin PBXFileReference section */
		348916663F4D5598C1A29D4E /* Pods-PrivateMail.release.xcconfig */ = {isa = PBXFileReference; includeInIndex = 1; lastKnownFileType = text.xcconfig; name = "Pods-PrivateMail.release.xcconfig"; path = "Pods/Target Support Files/Pods-PrivateMail/Pods-PrivateMail.release.xcconfig"; sourceTree = "<group>"; };
		395F47C3D4BEB2B73EFD2B2B /* Pods-PrivateMailUITests.debug.xcconfig */ = {isa = PBXFileReference; includeInIndex = 1; lastKnownFileType = text.xcconfig; name = "Pods-PrivateMailUITests.debug.xcconfig"; path = "Pods/Target Support Files/Pods-PrivateMailUITests/Pods-PrivateMailUITests.debug.xcconfig"; sourceTree = "<group>"; };
		40D2CBDF1905F6336C38A08A /* Pods-PrivateMail.debug.xcconfig */ = {isa = PBXFileReference; includeInIndex = 1; lastKnownFileType = text.xcconfig; name = "Pods-PrivateMail.debug.xcconfig"; path = "Pods/Target Support Files/Pods-PrivateMail/Pods-PrivateMail.debug.xcconfig"; sourceTree = "<group>"; };
		68B6933E619BB0B8013C0C67 /* Theme.swift */ = {isa = PBXFileReference; fileEncoding = 4; lastKnownFileType = sourcecode.swift; path = Theme.swift; sourceTree = "<group>"; };
		68B6936AB1C68DC6749E5E28 /* ProgressHUD.swift */ = {isa = PBXFileReference; fileEncoding = 4; lastKnownFileType = sourcecode.swift; path = ProgressHUD.swift; sourceTree = "<group>"; };
		68B693E3D1BF5A3789A81CA9 /* Config.swift */ = {isa = PBXFileReference; fileEncoding = 4; lastKnownFileType = sourcecode.swift; path = Config.swift; sourceTree = "<group>"; };
		68B69574BA173CD1D6C51F84 /* UIButton+Extension.swift */ = {isa = PBXFileReference; fileEncoding = 4; lastKnownFileType = sourcecode.swift; path = "UIButton+Extension.swift"; sourceTree = "<group>"; };
		68B696135E089C59140FAC11 /* Collection+Extensions.swift */ = {isa = PBXFileReference; fileEncoding = 4; lastKnownFileType = sourcecode.swift; path = "Collection+Extensions.swift"; sourceTree = "<group>"; };
		68B696C31F0F200FA20ABCE7 /* Config.plist */ = {isa = PBXFileReference; fileEncoding = 4; lastKnownFileType = text.plist; path = Config.plist; sourceTree = "<group>"; };
		68B697B82EDD115507C9FECF /* Dark.plist */ = {isa = PBXFileReference; fileEncoding = 4; lastKnownFileType = text.plist; path = Dark.plist; sourceTree = "<group>"; };
		68B698A9017D76CE64A1A583 /* IdentitiesRepository.swift */ = {isa = PBXFileReference; fileEncoding = 4; lastKnownFileType = sourcecode.swift; path = IdentitiesRepository.swift; sourceTree = "<group>"; };
		68B69AB2192F0D47609965A8 /* Localizable.swift */ = {isa = PBXFileReference; fileEncoding = 4; lastKnownFileType = sourcecode.swift; path = Localizable.swift; sourceTree = "<group>"; };
		68B69AE317A6CF9DA975B2FB /* UrlsManager.swift */ = {isa = PBXFileReference; fileEncoding = 4; lastKnownFileType = sourcecode.swift; path = UrlsManager.swift; sourceTree = "<group>"; };
		68B69DA402AEF3424B67DC73 /* Light.plist */ = {isa = PBXFileReference; fileEncoding = 4; lastKnownFileType = text.plist; path = Light.plist; sourceTree = "<group>"; };
		68B69E36135DB09FF4322554 /* UILabel+Extension.swift */ = {isa = PBXFileReference; fileEncoding = 4; lastKnownFileType = sourcecode.swift; path = "UILabel+Extension.swift"; sourceTree = "<group>"; };
		68B69FDD550AD3245AA36772 /* Buttons.swift */ = {isa = PBXFileReference; fileEncoding = 4; lastKnownFileType = sourcecode.swift; path = Buttons.swift; sourceTree = "<group>"; };
		94A918A7C51F5483393C5599 /* Pods-PrivateMailTests.debug.xcconfig */ = {isa = PBXFileReference; includeInIndex = 1; lastKnownFileType = text.xcconfig; name = "Pods-PrivateMailTests.debug.xcconfig"; path = "Pods/Target Support Files/Pods-PrivateMailTests/Pods-PrivateMailTests.debug.xcconfig"; sourceTree = "<group>"; };
		A343D6EF238D576A00EF8BD9 /* IdentityChooserTableViewCell.xib */ = {isa = PBXFileReference; lastKnownFileType = file.xib; path = IdentityChooserTableViewCell.xib; sourceTree = "<group>"; };
		A343D6F1238D57BE00EF8BD9 /* IdentityChooserTableViewCell.swift */ = {isa = PBXFileReference; lastKnownFileType = sourcecode.swift; path = IdentityChooserTableViewCell.swift; sourceTree = "<group>"; };
		A3EF513C238521C300B2D9C1 /* UserLimitsViewController.swift */ = {isa = PBXFileReference; lastKnownFileType = sourcecode.swift; path = UserLimitsViewController.swift; sourceTree = "<group>"; };
		BD6D5FDE03D0B8B4873CF537 /* Pods_PrivateMailUITests.framework */ = {isa = PBXFileReference; explicitFileType = wrapper.framework; includeInIndex = 0; path = Pods_PrivateMailUITests.framework; sourceTree = BUILT_PRODUCTS_DIR; };
		C87AD6871918A3E22A45053C /* Pods_PrivateMail.framework */ = {isa = PBXFileReference; explicitFileType = wrapper.framework; includeInIndex = 0; path = Pods_PrivateMail.framework; sourceTree = BUILT_PRODUCTS_DIR; };
		D6697EDFE83C9B13917808AE /* Pods_PrivateMailTests.framework */ = {isa = PBXFileReference; explicitFileType = wrapper.framework; includeInIndex = 0; path = Pods_PrivateMailTests.framework; sourceTree = BUILT_PRODUCTS_DIR; };
		DB21C1D823D5A0700016BD3A /* TwoFactorAuthController.swift */ = {isa = PBXFileReference; lastKnownFileType = sourcecode.swift; path = TwoFactorAuthController.swift; sourceTree = "<group>"; };
		DB33C78A23DB0D7900AB88D9 /* AboutController.swift */ = {isa = PBXFileReference; lastKnownFileType = sourcecode.swift; path = AboutController.swift; sourceTree = "<group>"; };
		DB4736A223CF2D2700D1AD06 /* ValidSignVerify.swift */ = {isa = PBXFileReference; lastKnownFileType = sourcecode.swift; path = ValidSignVerify.swift; sourceTree = "<group>"; };
		DBEB4DEA23DEE98600E957F6 /* ValidCreateSign.swift */ = {isa = PBXFileReference; lastKnownFileType = sourcecode.swift; path = ValidCreateSign.swift; sourceTree = "<group>"; };
		DEFC454AF38985DF497E55D5 /* Pods-PrivateMailTests.release.xcconfig */ = {isa = PBXFileReference; includeInIndex = 1; lastKnownFileType = text.xcconfig; name = "Pods-PrivateMailTests.release.xcconfig"; path = "Pods/Target Support Files/Pods-PrivateMailTests/Pods-PrivateMailTests.release.xcconfig"; sourceTree = "<group>"; };
		E50122662288981D00CC7477 /* MailPageViewController.swift */ = {isa = PBXFileReference; lastKnownFileType = sourcecode.swift; path = MailPageViewController.swift; sourceTree = "<group>"; };
		E5111F042242BA420036501F /* SettingsViewController.swift */ = {isa = PBXFileReference; lastKnownFileType = sourcecode.swift; path = SettingsViewController.swift; sourceTree = "<group>"; };
		E51C60352319A03600FEB411 /* ArialBlack.ttf */ = {isa = PBXFileReference; lastKnownFileType = file; path = ArialBlack.ttf; sourceTree = "<group>"; };
		E51C60372319A0EE00FEB411 /* Tahoma.ttf */ = {isa = PBXFileReference; lastKnownFileType = file; path = Tahoma.ttf; sourceTree = "<group>"; };
		E526714D2253E54900A1D180 /* APIObjects.swift */ = {isa = PBXFileReference; lastKnownFileType = sourcecode.swift; path = APIObjects.swift; sourceTree = "<group>"; };
		E540988A22837B8500E2C588 /* MailHTMLBodyTableViewCell.xib */ = {isa = PBXFileReference; fileEncoding = 4; lastKnownFileType = file.xib; path = MailHTMLBodyTableViewCell.xib; sourceTree = "<group>"; };
		E540988B22837B8600E2C588 /* MailHTMLBodyTableViewCell.swift */ = {isa = PBXFileReference; fileEncoding = 4; lastKnownFileType = sourcecode.swift; path = MailHTMLBodyTableViewCell.swift; sourceTree = "<group>"; };
		E544D2F522EA328A00FA468F /* ContactDetailsViewController.swift */ = {isa = PBXFileReference; lastKnownFileType = sourcecode.swift; path = ContactDetailsViewController.swift; sourceTree = "<group>"; };
		E544D2FA22EA35FF00FA468F /* ContactDetailTableViewCell.swift */ = {isa = PBXFileReference; lastKnownFileType = sourcecode.swift; path = ContactDetailTableViewCell.swift; sourceTree = "<group>"; };
		E544D2FB22EA35FF00FA468F /* ContactDetailTableViewCell.xib */ = {isa = PBXFileReference; lastKnownFileType = file.xib; path = ContactDetailTableViewCell.xib; sourceTree = "<group>"; };
		E5559CB722E1145D0034BF3C /* PrivateMail.entitlements */ = {isa = PBXFileReference; lastKnownFileType = text.plist.entitlements; path = PrivateMail.entitlements; sourceTree = "<group>"; };
		E5630A1C224AD1D7002A0FDA /* MailHeaderTableViewCell.swift */ = {isa = PBXFileReference; lastKnownFileType = sourcecode.swift; path = MailHeaderTableViewCell.swift; sourceTree = "<group>"; };
		E5630A1D224AD1D7002A0FDA /* MailHeaderTableViewCell.xib */ = {isa = PBXFileReference; lastKnownFileType = file.xib; path = MailHeaderTableViewCell.xib; sourceTree = "<group>"; };
		E5630A20224AE87B002A0FDA /* MailAttachmentTableViewCell.swift */ = {isa = PBXFileReference; lastKnownFileType = sourcecode.swift; path = MailAttachmentTableViewCell.swift; sourceTree = "<group>"; };
		E5630A21224AE87B002A0FDA /* MailAttachmentTableViewCell.xib */ = {isa = PBXFileReference; lastKnownFileType = file.xib; path = MailAttachmentTableViewCell.xib; sourceTree = "<group>"; };
		E567B4622236D51C00FA9945 /* PrivateMail.app */ = {isa = PBXFileReference; explicitFileType = wrapper.application; includeInIndex = 0; path = PrivateMail.app; sourceTree = BUILT_PRODUCTS_DIR; };
		E567B4652236D51C00FA9945 /* AppDelegate.swift */ = {isa = PBXFileReference; lastKnownFileType = sourcecode.swift; path = AppDelegate.swift; sourceTree = "<group>"; };
		E567B4672236D51C00FA9945 /* MainViewController.swift */ = {isa = PBXFileReference; lastKnownFileType = sourcecode.swift; path = MainViewController.swift; sourceTree = "<group>"; };
		E567B46A2236D51C00FA9945 /* Base */ = {isa = PBXFileReference; lastKnownFileType = file.storyboard; name = Base; path = Base.lproj/Main.storyboard; sourceTree = "<group>"; };
		E567B46C2236D51D00FA9945 /* Assets.xcassets */ = {isa = PBXFileReference; lastKnownFileType = folder.assetcatalog; path = Assets.xcassets; sourceTree = "<group>"; };
		E567B46F2236D51D00FA9945 /* Base */ = {isa = PBXFileReference; lastKnownFileType = file.storyboard; name = Base; path = Base.lproj/LaunchScreen.storyboard; sourceTree = "<group>"; };
		E567B4712236D51D00FA9945 /* Info.plist */ = {isa = PBXFileReference; lastKnownFileType = text.plist.xml; path = Info.plist; sourceTree = "<group>"; };
		E567B4762236D51D00FA9945 /* PrivateMailTests.xctest */ = {isa = PBXFileReference; explicitFileType = wrapper.cfbundle; includeInIndex = 0; path = PrivateMailTests.xctest; sourceTree = BUILT_PRODUCTS_DIR; };
		E567B47A2236D51D00FA9945 /* PrivateMailTests.swift */ = {isa = PBXFileReference; lastKnownFileType = sourcecode.swift; path = PrivateMailTests.swift; sourceTree = "<group>"; };
		E567B47C2236D51D00FA9945 /* Info.plist */ = {isa = PBXFileReference; lastKnownFileType = text.plist.xml; path = Info.plist; sourceTree = "<group>"; };
		E567B4812236D51D00FA9945 /* PrivateMailUITests.xctest */ = {isa = PBXFileReference; explicitFileType = wrapper.cfbundle; includeInIndex = 0; path = PrivateMailUITests.xctest; sourceTree = BUILT_PRODUCTS_DIR; };
		E567B4852236D51D00FA9945 /* PrivateMailUITests.swift */ = {isa = PBXFileReference; lastKnownFileType = sourcecode.swift; path = PrivateMailUITests.swift; sourceTree = "<group>"; };
		E567B4872236D51D00FA9945 /* Info.plist */ = {isa = PBXFileReference; lastKnownFileType = text.plist.xml; path = Info.plist; sourceTree = "<group>"; };
		E5690D5E22CFCC7C003493E1 /* PGPSettingsViewController.swift */ = {isa = PBXFileReference; lastKnownFileType = sourcecode.swift; path = PGPSettingsViewController.swift; sourceTree = "<group>"; };
		E5690D6022CFD23B003493E1 /* SettingsTableViewCell.swift */ = {isa = PBXFileReference; lastKnownFileType = sourcecode.swift; path = SettingsTableViewCell.swift; sourceTree = "<group>"; };
		E5690D6122CFD23B003493E1 /* SettingsTableViewCell.xib */ = {isa = PBXFileReference; lastKnownFileType = file.xib; path = SettingsTableViewCell.xib; sourceTree = "<group>"; };
		E5690D6522CFDC5F003493E1 /* CommonSettingsViewController.swift */ = {isa = PBXFileReference; lastKnownFileType = sourcecode.swift; path = CommonSettingsViewController.swift; sourceTree = "<group>"; };
		E5690D6722CFEB0A003493E1 /* SyncSettingsViewController.swift */ = {isa = PBXFileReference; lastKnownFileType = sourcecode.swift; path = SyncSettingsViewController.swift; sourceTree = "<group>"; };
		E5690D6922CFFF0E003493E1 /* SettingsButtonTableViewCell.swift */ = {isa = PBXFileReference; lastKnownFileType = sourcecode.swift; path = SettingsButtonTableViewCell.swift; sourceTree = "<group>"; };
		E5690D6A22CFFF0E003493E1 /* SettingsButtonTableViewCell.xib */ = {isa = PBXFileReference; lastKnownFileType = file.xib; path = SettingsButtonTableViewCell.xib; sourceTree = "<group>"; };
		E5690D6D22D0100F003493E1 /* PGPKeyPreviewViewController.swift */ = {isa = PBXFileReference; lastKnownFileType = sourcecode.swift; path = PGPKeyPreviewViewController.swift; sourceTree = "<group>"; };
		E5690D6F22D03659003493E1 /* ImportKeysFromTextViewController.swift */ = {isa = PBXFileReference; lastKnownFileType = sourcecode.swift; path = ImportKeysFromTextViewController.swift; sourceTree = "<group>"; };
		E5690D7122D042B1003493E1 /* ImportKeysListViewController.swift */ = {isa = PBXFileReference; lastKnownFileType = sourcecode.swift; path = ImportKeysListViewController.swift; sourceTree = "<group>"; };
		E57C099323399F0F008FB3C2 /* GroupDetailsViewController.swift */ = {isa = PBXFileReference; lastKnownFileType = sourcecode.swift; path = GroupDetailsViewController.swift; sourceTree = "<group>"; };
		E580A2DC22EBAA2200E90C89 /* KeyImportTableViewCell.swift */ = {isa = PBXFileReference; lastKnownFileType = sourcecode.swift; path = KeyImportTableViewCell.swift; sourceTree = "<group>"; };
		E580A2DD22EBAA2200E90C89 /* KeyImportTableViewCell.xib */ = {isa = PBXFileReference; lastKnownFileType = file.xib; path = KeyImportTableViewCell.xib; sourceTree = "<group>"; };
		E58493D822E9027700E6F160 /* ContactTableViewCell.swift */ = {isa = PBXFileReference; lastKnownFileType = sourcecode.swift; path = ContactTableViewCell.swift; sourceTree = "<group>"; };
		E58493D922E9027700E6F160 /* ContactTableViewCell.xib */ = {isa = PBXFileReference; lastKnownFileType = file.xib; path = ContactTableViewCell.xib; sourceTree = "<group>"; };
		E5A032E1223ADEA1001BC795 /* en */ = {isa = PBXFileReference; lastKnownFileType = text.plist.strings; name = en; path = en.lproj/Localizable.strings; sourceTree = "<group>"; };
		E5A032E4223B0AFC001BC795 /* FolderTableViewCell.swift */ = {isa = PBXFileReference; lastKnownFileType = sourcecode.swift; path = FolderTableViewCell.swift; sourceTree = "<group>"; };
		E5A032E5223B0AFC001BC795 /* FolderTableViewCell.xib */ = {isa = PBXFileReference; lastKnownFileType = file.xib; path = FolderTableViewCell.xib; sourceTree = "<group>"; };
		E5A032E8223B0BDB001BC795 /* Helpers.swift */ = {isa = PBXFileReference; lastKnownFileType = sourcecode.swift; path = Helpers.swift; sourceTree = "<group>"; };
		E5A032EA223B16BB001BC795 /* ModelControllers.swift */ = {isa = PBXFileReference; lastKnownFileType = sourcecode.swift; path = ModelControllers.swift; sourceTree = "<group>"; };
		E5A032EC223B1A11001BC795 /* MailViewController.swift */ = {isa = PBXFileReference; lastKnownFileType = sourcecode.swift; path = MailViewController.swift; sourceTree = "<group>"; };
		E5B2DD6522FDDE3C00EB84A4 /* AddressFieldCollectionViewCell.swift */ = {isa = PBXFileReference; lastKnownFileType = sourcecode.swift; path = AddressFieldCollectionViewCell.swift; sourceTree = "<group>"; };
		E5B2DD6622FDDE3C00EB84A4 /* AddressFieldCollectionViewCell.xib */ = {isa = PBXFileReference; lastKnownFileType = file.xib; path = AddressFieldCollectionViewCell.xib; sourceTree = "<group>"; };
		E5BB7741232FAFF400DA6979 /* GroupsViewController.swift */ = {isa = PBXFileReference; lastKnownFileType = sourcecode.swift; path = GroupsViewController.swift; sourceTree = "<group>"; };
		E5BB7744232FB7E200DA6979 /* GroupTableViewCell.swift */ = {isa = PBXFileReference; lastKnownFileType = sourcecode.swift; path = GroupTableViewCell.swift; sourceTree = "<group>"; };
		E5BB7745232FB7E200DA6979 /* GroupTableViewCell.xib */ = {isa = PBXFileReference; lastKnownFileType = file.xib; path = GroupTableViewCell.xib; sourceTree = "<group>"; };
		E5CF520E228CA3BF00E94704 /* StorageProvider.swift */ = {isa = PBXFileReference; lastKnownFileType = sourcecode.swift; path = StorageProvider.swift; sourceTree = "<group>"; };
		E5CF5210228CA42400E94704 /* MenuModelController.swift */ = {isa = PBXFileReference; lastKnownFileType = sourcecode.swift; path = MenuModelController.swift; sourceTree = "<group>"; };
		E5F1D7832242CFE2007071AA /* ContactsViewController.swift */ = {isa = PBXFileReference; lastKnownFileType = sourcecode.swift; path = ContactsViewController.swift; sourceTree = "<group>"; };
		E5F1D7852242D3E4007071AA /* AddressTableViewCell.swift */ = {isa = PBXFileReference; lastKnownFileType = sourcecode.swift; path = AddressTableViewCell.swift; sourceTree = "<group>"; };
		E5F1D7862242D3E4007071AA /* AddressTableViewCell.xib */ = {isa = PBXFileReference; lastKnownFileType = file.xib; path = AddressTableViewCell.xib; sourceTree = "<group>"; };
		E5F1D7892242DAF2007071AA /* AddressCollectionViewCell.swift */ = {isa = PBXFileReference; lastKnownFileType = sourcecode.swift; path = AddressCollectionViewCell.swift; sourceTree = "<group>"; };
		E5F1D78A2242DAF2007071AA /* AddressCollectionViewCell.xib */ = {isa = PBXFileReference; lastKnownFileType = file.xib; path = AddressCollectionViewCell.xib; sourceTree = "<group>"; };
		E5F1D78D2242E067007071AA /* MailSubjectTableViewCell.swift */ = {isa = PBXFileReference; lastKnownFileType = sourcecode.swift; path = MailSubjectTableViewCell.swift; sourceTree = "<group>"; };
		E5F1D78E2242E067007071AA /* MailSubjectTableViewCell.xib */ = {isa = PBXFileReference; lastKnownFileType = file.xib; path = MailSubjectTableViewCell.xib; sourceTree = "<group>"; };
		E5F1D7912242E626007071AA /* MailBodyTableViewCell.swift */ = {isa = PBXFileReference; lastKnownFileType = sourcecode.swift; path = MailBodyTableViewCell.swift; sourceTree = "<group>"; };
		E5F1D7922242E626007071AA /* MailBodyTableViewCell.xib */ = {isa = PBXFileReference; lastKnownFileType = file.xib; path = MailBodyTableViewCell.xib; sourceTree = "<group>"; };
		E5F28A952238442D002721ED /* MailTableViewCell.swift */ = {isa = PBXFileReference; lastKnownFileType = sourcecode.swift; path = MailTableViewCell.swift; sourceTree = "<group>"; };
		E5F28A962238442D002721ED /* MailTableViewCell.xib */ = {isa = PBXFileReference; lastKnownFileType = file.xib; path = MailTableViewCell.xib; sourceTree = "<group>"; };
		E5F28A9A22384A56002721ED /* API.swift */ = {isa = PBXFileReference; lastKnownFileType = sourcecode.swift; path = API.swift; sourceTree = "<group>"; };
		E5F28A9C223856DD002721ED /* LoginViewController.swift */ = {isa = PBXFileReference; lastKnownFileType = sourcecode.swift; path = LoginViewController.swift; sourceTree = "<group>"; };
		E5F28A9E22386172002721ED /* ComposeMailViewController.swift */ = {isa = PBXFileReference; lastKnownFileType = sourcecode.swift; path = ComposeMailViewController.swift; sourceTree = "<group>"; };
		E5F28AA0223864B2002721ED /* ColorScheme.swift */ = {isa = PBXFileReference; lastKnownFileType = sourcecode.swift; path = ColorScheme.swift; sourceTree = "<group>"; };
		E5F28AA222387ACB002721ED /* SideMenuViewController.swift */ = {isa = PBXFileReference; lastKnownFileType = sourcecode.swift; path = SideMenuViewController.swift; sourceTree = "<group>"; };
		F52C0DEFAA7A3AD684340A13 /* Pods-PrivateMailUITests.release.xcconfig */ = {isa = PBXFileReference; includeInIndex = 1; lastKnownFileType = text.xcconfig; name = "Pods-PrivateMailUITests.release.xcconfig"; path = "Pods/Target Support Files/Pods-PrivateMailUITests/Pods-PrivateMailUITests.release.xcconfig"; sourceTree = "<group>"; };
/* End PBXFileReference section */

/* Begin PBXFrameworksBuildPhase section */
		E567B45F2236D51C00FA9945 /* Frameworks */ = {
			isa = PBXFrameworksBuildPhase;
			buildActionMask = 2147483647;
			files = (
				0CC32E07953282CE2F7F91C3 /* Pods_PrivateMail.framework in Frameworks */,
			);
			runOnlyForDeploymentPostprocessing = 0;
		};
		E567B4732236D51D00FA9945 /* Frameworks */ = {
			isa = PBXFrameworksBuildPhase;
			buildActionMask = 2147483647;
			files = (
				321743B6A25A55F898A69FA7 /* Pods_PrivateMailTests.framework in Frameworks */,
			);
			runOnlyForDeploymentPostprocessing = 0;
		};
		E567B47E2236D51D00FA9945 /* Frameworks */ = {
			isa = PBXFrameworksBuildPhase;
			buildActionMask = 2147483647;
			files = (
				8251612B96DDB65962FF4437 /* Pods_PrivateMailUITests.framework in Frameworks */,
			);
			runOnlyForDeploymentPostprocessing = 0;
		};
/* End PBXFrameworksBuildPhase section */

/* Begin PBXGroup section */
		38D3DFF2CB822266D826227D /* Pods */ = {
			isa = PBXGroup;
			children = (
				40D2CBDF1905F6336C38A08A /* Pods-PrivateMail.debug.xcconfig */,
				348916663F4D5598C1A29D4E /* Pods-PrivateMail.release.xcconfig */,
				94A918A7C51F5483393C5599 /* Pods-PrivateMailTests.debug.xcconfig */,
				DEFC454AF38985DF497E55D5 /* Pods-PrivateMailTests.release.xcconfig */,
				395F47C3D4BEB2B73EFD2B2B /* Pods-PrivateMailUITests.debug.xcconfig */,
				F52C0DEFAA7A3AD684340A13 /* Pods-PrivateMailUITests.release.xcconfig */,
			);
			name = Pods;
			sourceTree = "<group>";
		};
		68B690987CFF2EA54153052F /* Themes */ = {
			isa = PBXGroup;
			children = (
				68B69DA402AEF3424B67DC73 /* Light.plist */,
				68B697B82EDD115507C9FECF /* Dark.plist */,
			);
			path = Themes;
			sourceTree = "<group>";
		};
		86AA06CBA2649DD754D67353 /* Frameworks */ = {
			isa = PBXGroup;
			children = (
				C87AD6871918A3E22A45053C /* Pods_PrivateMail.framework */,
				D6697EDFE83C9B13917808AE /* Pods_PrivateMailTests.framework */,
				BD6D5FDE03D0B8B4873CF537 /* Pods_PrivateMailUITests.framework */,
			);
			name = Frameworks;
			sourceTree = "<group>";
		};
		DB21C1D723D59F730016BD3A /* ThoFactorAuth */ = {
			isa = PBXGroup;
			children = (
				DB21C1D823D5A0700016BD3A /* TwoFactorAuthController.swift */,
			);
			path = ThoFactorAuth;
			sourceTree = "<group>";
		};
		DB4736A123CF2CEB00D1AD06 /* Pgp */ = {
			isa = PBXGroup;
			children = (
				DB4736A223CF2D2700D1AD06 /* ValidSignVerify.swift */,
				DBEB4DEA23DEE98600E957F6 /* ValidCreateSign.swift */,
			);
			path = Pgp;
			sourceTree = "<group>";
		};
		E51C60342319A01000FEB411 /* Resourses */ = {
			isa = PBXGroup;
			children = (
				E51C60352319A03600FEB411 /* ArialBlack.ttf */,
				E51C60372319A0EE00FEB411 /* Tahoma.ttf */,
				68B690987CFF2EA54153052F /* Themes */,
			);
			path = Resourses;
			sourceTree = "<group>";
		};
		E544D2F722EA329300FA468F /* Contacts */ = {
			isa = PBXGroup;
			children = (
				E5F1D7832242CFE2007071AA /* ContactsViewController.swift */,
				E544D2F522EA328A00FA468F /* ContactDetailsViewController.swift */,
			);
			path = Contacts;
			sourceTree = "<group>";
		};
		E544D2F822EA329C00FA468F /* Import Keys */ = {
			isa = PBXGroup;
			children = (
				E5690D6F22D03659003493E1 /* ImportKeysFromTextViewController.swift */,
				E5690D7122D042B1003493E1 /* ImportKeysListViewController.swift */,
			);
			path = "Import Keys";
			sourceTree = "<group>";
		};
		E544D2F922EA32AF00FA468F /* Mails */ = {
			isa = PBXGroup;
			children = (
				E50122662288981D00CC7477 /* MailPageViewController.swift */,
				E5A032EC223B1A11001BC795 /* MailViewController.swift */,
				E5F28A9E22386172002721ED /* ComposeMailViewController.swift */,
			);
			path = Mails;
			sourceTree = "<group>";
		};
		E567B4592236D51C00FA9945 = {
			isa = PBXGroup;
			children = (
				E567B4642236D51C00FA9945 /* PrivateMail */,
				E567B4792236D51D00FA9945 /* PrivateMailTests */,
				E567B4842236D51D00FA9945 /* PrivateMailUITests */,
				E567B4632236D51C00FA9945 /* Products */,
				38D3DFF2CB822266D826227D /* Pods */,
				86AA06CBA2649DD754D67353 /* Frameworks */,
			);
			sourceTree = "<group>";
		};
		E567B4632236D51C00FA9945 /* Products */ = {
			isa = PBXGroup;
			children = (
				E567B4622236D51C00FA9945 /* PrivateMail.app */,
				E567B4762236D51D00FA9945 /* PrivateMailTests.xctest */,
				E567B4812236D51D00FA9945 /* PrivateMailUITests.xctest */,
			);
			name = Products;
			sourceTree = "<group>";
		};
		E567B4642236D51C00FA9945 /* PrivateMail */ = {
			isa = PBXGroup;
			children = (
				DB4736A123CF2CEB00D1AD06 /* Pgp */,
				E5559CB722E1145D0034BF3C /* PrivateMail.entitlements */,
				E567B4652236D51C00FA9945 /* AppDelegate.swift */,
				E5F28A9922384A33002721ED /* Models */,
				E5F28A93223843E9002721ED /* View Controllers */,
				E5F28A94223843FA002721ED /* Cells */,
				E51C60342319A01000FEB411 /* Resourses */,
				E567B4692236D51C00FA9945 /* Main.storyboard */,
				E567B46C2236D51D00FA9945 /* Assets.xcassets */,
				E567B46E2236D51D00FA9945 /* LaunchScreen.storyboard */,
				E5A032E2223ADEA1001BC795 /* Localizable.strings */,
				E567B4712236D51D00FA9945 /* Info.plist */,
				68B696C31F0F200FA20ABCE7 /* Config.plist */,
			);
			path = PrivateMail;
			sourceTree = "<group>";
		};
		E567B4792236D51D00FA9945 /* PrivateMailTests */ = {
			isa = PBXGroup;
			children = (
				E567B47A2236D51D00FA9945 /* PrivateMailTests.swift */,
				E567B47C2236D51D00FA9945 /* Info.plist */,
			);
			path = PrivateMailTests;
			sourceTree = "<group>";
		};
		E567B4842236D51D00FA9945 /* PrivateMailUITests */ = {
			isa = PBXGroup;
			children = (
				E567B4852236D51D00FA9945 /* PrivateMailUITests.swift */,
				E567B4872236D51D00FA9945 /* Info.plist */,
			);
			path = PrivateMailUITests;
			sourceTree = "<group>";
		};
		E5690D6422CFDC3F003493E1 /* Settings */ = {
			isa = PBXGroup;
			children = (
				E5111F042242BA420036501F /* SettingsViewController.swift */,
				E5690D6522CFDC5F003493E1 /* CommonSettingsViewController.swift */,
				E5690D6722CFEB0A003493E1 /* SyncSettingsViewController.swift */,
				E5690D5E22CFCC7C003493E1 /* PGPSettingsViewController.swift */,
				E5690D6D22D0100F003493E1 /* PGPKeyPreviewViewController.swift */,
				DB33C78A23DB0D7900AB88D9 /* AboutController.swift */,
			);
			path = Settings;
			sourceTree = "<group>";
		};
		E5BB7740232FAFD600DA6979 /* Groups */ = {
			isa = PBXGroup;
			children = (
				E5BB7743232FB7C700DA6979 /* Cells */,
				E57C099323399F0F008FB3C2 /* GroupDetailsViewController.swift */,
				E5BB7741232FAFF400DA6979 /* GroupsViewController.swift */,
			);
			path = Groups;
			sourceTree = "<group>";
		};
		E5BB7743232FB7C700DA6979 /* Cells */ = {
			isa = PBXGroup;
			children = (
				E5BB7744232FB7E200DA6979 /* GroupTableViewCell.swift */,
				E5BB7745232FB7E200DA6979 /* GroupTableViewCell.xib */,
			);
			path = Cells;
			sourceTree = "<group>";
		};
		E5F28A93223843E9002721ED /* View Controllers */ = {
			isa = PBXGroup;
			children = (
				DB21C1D723D59F730016BD3A /* ThoFactorAuth */,
				E5F28A9C223856DD002721ED /* LoginViewController.swift */,
				E567B4672236D51C00FA9945 /* MainViewController.swift */,
				E5F28AA222387ACB002721ED /* SideMenuViewController.swift */,
				A3EF513C238521C300B2D9C1 /* UserLimitsViewController.swift */,
				E544D2F922EA32AF00FA468F /* Mails */,
				E544D2F722EA329300FA468F /* Contacts */,
				E5BB7740232FAFD600DA6979 /* Groups */,
				E544D2F822EA329C00FA468F /* Import Keys */,
				E5690D6422CFDC3F003493E1 /* Settings */,
			);
			path = "View Controllers";
			sourceTree = "<group>";
		};
		E5F28A94223843FA002721ED /* Cells */ = {
			isa = PBXGroup;
			children = (
				E5F1D7892242DAF2007071AA /* AddressCollectionViewCell.swift */,
				E5F1D78A2242DAF2007071AA /* AddressCollectionViewCell.xib */,
				E5B2DD6522FDDE3C00EB84A4 /* AddressFieldCollectionViewCell.swift */,
				E5B2DD6622FDDE3C00EB84A4 /* AddressFieldCollectionViewCell.xib */,
				E5F1D7852242D3E4007071AA /* AddressTableViewCell.swift */,
				E5F1D7862242D3E4007071AA /* AddressTableViewCell.xib */,
				E544D2FA22EA35FF00FA468F /* ContactDetailTableViewCell.swift */,
				E544D2FB22EA35FF00FA468F /* ContactDetailTableViewCell.xib */,
				E58493D822E9027700E6F160 /* ContactTableViewCell.swift */,
				E58493D922E9027700E6F160 /* ContactTableViewCell.xib */,
				E5A032E4223B0AFC001BC795 /* FolderTableViewCell.swift */,
				E5A032E5223B0AFC001BC795 /* FolderTableViewCell.xib */,
				E580A2DC22EBAA2200E90C89 /* KeyImportTableViewCell.swift */,
				E580A2DD22EBAA2200E90C89 /* KeyImportTableViewCell.xib */,
				E5630A20224AE87B002A0FDA /* MailAttachmentTableViewCell.swift */,
				E5630A21224AE87B002A0FDA /* MailAttachmentTableViewCell.xib */,
				E5F1D7912242E626007071AA /* MailBodyTableViewCell.swift */,
				E5F1D7922242E626007071AA /* MailBodyTableViewCell.xib */,
				E5630A1C224AD1D7002A0FDA /* MailHeaderTableViewCell.swift */,
				E5630A1D224AD1D7002A0FDA /* MailHeaderTableViewCell.xib */,
				E540988B22837B8600E2C588 /* MailHTMLBodyTableViewCell.swift */,
				E540988A22837B8500E2C588 /* MailHTMLBodyTableViewCell.xib */,
				E5F1D78D2242E067007071AA /* MailSubjectTableViewCell.swift */,
				E5F1D78E2242E067007071AA /* MailSubjectTableViewCell.xib */,
				E5F28A952238442D002721ED /* MailTableViewCell.swift */,
				E5F28A962238442D002721ED /* MailTableViewCell.xib */,
				E5690D6922CFFF0E003493E1 /* SettingsButtonTableViewCell.swift */,
				E5690D6A22CFFF0E003493E1 /* SettingsButtonTableViewCell.xib */,
				E5690D6022CFD23B003493E1 /* SettingsTableViewCell.swift */,
				E5690D6122CFD23B003493E1 /* SettingsTableViewCell.xib */,
				A343D6F1238D57BE00EF8BD9 /* IdentityChooserTableViewCell.swift */,
				A343D6EF238D576A00EF8BD9 /* IdentityChooserTableViewCell.xib */,
			);
			path = Cells;
			sourceTree = "<group>";
		};
		E5F28A9922384A33002721ED /* Models */ = {
			isa = PBXGroup;
			children = (
				E5F28A9A22384A56002721ED /* API.swift */,
				E526714D2253E54900A1D180 /* APIObjects.swift */,
				E5F28AA0223864B2002721ED /* ColorScheme.swift */,
				E5A032E8223B0BDB001BC795 /* Helpers.swift */,
				E5A032EA223B16BB001BC795 /* ModelControllers.swift */,
				E5CF5210228CA42400E94704 /* MenuModelController.swift */,
				E5CF520E228CA3BF00E94704 /* StorageProvider.swift */,
				68B696135E089C59140FAC11 /* Collection+Extensions.swift */,
				68B69AB2192F0D47609965A8 /* Localizable.swift */,
				68B69E36135DB09FF4322554 /* UILabel+Extension.swift */,
				68B69574BA173CD1D6C51F84 /* UIButton+Extension.swift */,
				68B69AE317A6CF9DA975B2FB /* UrlsManager.swift */,
				68B6933E619BB0B8013C0C67 /* Theme.swift */,
				68B69FDD550AD3245AA36772 /* Buttons.swift */,
				68B698A9017D76CE64A1A583 /* IdentitiesRepository.swift */,
				68B6936AB1C68DC6749E5E28 /* ProgressHUD.swift */,
				68B693E3D1BF5A3789A81CA9 /* Config.swift */,
			);
			path = Models;
			sourceTree = "<group>";
		};
/* End PBXGroup section */

/* Begin PBXNativeTarget section */
		E567B4612236D51C00FA9945 /* PrivateMail */ = {
			isa = PBXNativeTarget;
			buildConfigurationList = E567B48A2236D51D00FA9945 /* Build configuration list for PBXNativeTarget "PrivateMail" */;
			buildPhases = (
				FBE52F11FCB28CB0AB115562 /* [CP] Check Pods Manifest.lock */,
				E567B45E2236D51C00FA9945 /* Sources */,
				E567B45F2236D51C00FA9945 /* Frameworks */,
				E567B4602236D51C00FA9945 /* Resources */,
				F6648D8A6E0195E96B2D06FC /* [CP] Embed Pods Frameworks */,
			);
			buildRules = (
			);
			dependencies = (
			);
			name = PrivateMail;
			productName = PrivateMail;
			productReference = E567B4622236D51C00FA9945 /* PrivateMail.app */;
			productType = "com.apple.product-type.application";
		};
		E567B4752236D51D00FA9945 /* PrivateMailTests */ = {
			isa = PBXNativeTarget;
			buildConfigurationList = E567B48D2236D51D00FA9945 /* Build configuration list for PBXNativeTarget "PrivateMailTests" */;
			buildPhases = (
				5F2B7392B68E33C7B7D0A034 /* [CP] Check Pods Manifest.lock */,
				E567B4722236D51D00FA9945 /* Sources */,
				E567B4732236D51D00FA9945 /* Frameworks */,
				E567B4742236D51D00FA9945 /* Resources */,
			);
			buildRules = (
			);
			dependencies = (
				E567B4782236D51D00FA9945 /* PBXTargetDependency */,
			);
			name = PrivateMailTests;
			productName = PrivateMailTests;
			productReference = E567B4762236D51D00FA9945 /* PrivateMailTests.xctest */;
			productType = "com.apple.product-type.bundle.unit-test";
		};
		E567B4802236D51D00FA9945 /* PrivateMailUITests */ = {
			isa = PBXNativeTarget;
			buildConfigurationList = E567B4902236D51D00FA9945 /* Build configuration list for PBXNativeTarget "PrivateMailUITests" */;
			buildPhases = (
				E713C8984CE0885B67C80161 /* [CP] Check Pods Manifest.lock */,
				E567B47D2236D51D00FA9945 /* Sources */,
				E567B47E2236D51D00FA9945 /* Frameworks */,
				E567B47F2236D51D00FA9945 /* Resources */,
			);
			buildRules = (
			);
			dependencies = (
				E567B4832236D51D00FA9945 /* PBXTargetDependency */,
			);
			name = PrivateMailUITests;
			productName = PrivateMailUITests;
			productReference = E567B4812236D51D00FA9945 /* PrivateMailUITests.xctest */;
			productType = "com.apple.product-type.bundle.ui-testing";
		};
/* End PBXNativeTarget section */

/* Begin PBXProject section */
		E567B45A2236D51C00FA9945 /* Project object */ = {
			isa = PBXProject;
			attributes = {
				LastSwiftUpdateCheck = 1010;
				LastUpgradeCheck = 1010;
				ORGANIZATIONNAME = PrivateRouter;
				TargetAttributes = {
					E567B4612236D51C00FA9945 = {
						CreatedOnToolsVersion = 10.1;
						LastSwiftMigration = 1020;
						SystemCapabilities = {
							com.apple.Keychain = {
								enabled = 1;
							};
							com.apple.iCloud = {
								enabled = 1;
							};
						};
					};
					E567B4752236D51D00FA9945 = {
						CreatedOnToolsVersion = 10.1;
						LastSwiftMigration = 1020;
						TestTargetID = E567B4612236D51C00FA9945;
					};
					E567B4802236D51D00FA9945 = {
						CreatedOnToolsVersion = 10.1;
						LastSwiftMigration = 1020;
						TestTargetID = E567B4612236D51C00FA9945;
					};
				};
			};
			buildConfigurationList = E567B45D2236D51C00FA9945 /* Build configuration list for PBXProject "PrivateMail" */;
			compatibilityVersion = "Xcode 9.3";
			developmentRegion = en;
			hasScannedForEncodings = 0;
			knownRegions = (
				en,
				Base,
			);
			mainGroup = E567B4592236D51C00FA9945;
			productRefGroup = E567B4632236D51C00FA9945 /* Products */;
			projectDirPath = "";
			projectRoot = "";
			targets = (
				E567B4612236D51C00FA9945 /* PrivateMail */,
				E567B4752236D51D00FA9945 /* PrivateMailTests */,
				E567B4802236D51D00FA9945 /* PrivateMailUITests */,
			);
		};
/* End PBXProject section */

/* Begin PBXResourcesBuildPhase section */
		E567B4602236D51C00FA9945 /* Resources */ = {
			isa = PBXResourcesBuildPhase;
			buildActionMask = 2147483647;
			files = (
				E5690D6322CFD23B003493E1 /* SettingsTableViewCell.xib in Resources */,
				E5A032E0223ADEA1001BC795 /* Localizable.strings in Resources */,
				E5A032E7223B0AFC001BC795 /* FolderTableViewCell.xib in Resources */,
				E5F28A982238442D002721ED /* MailTableViewCell.xib in Resources */,
				E5630A23224AE87B002A0FDA /* MailAttachmentTableViewCell.xib in Resources */,
				E5F1D78C2242DAF2007071AA /* AddressCollectionViewCell.xib in Resources */,
				E5630A1F224AD1D7002A0FDA /* MailHeaderTableViewCell.xib in Resources */,
				E540988C22837B8600E2C588 /* MailHTMLBodyTableViewCell.xib in Resources */,
				E58493DB22E9027700E6F160 /* ContactTableViewCell.xib in Resources */,
				E544D2FD22EA35FF00FA468F /* ContactDetailTableViewCell.xib in Resources */,
				E5690D6C22CFFF0E003493E1 /* SettingsButtonTableViewCell.xib in Resources */,
				E5F1D7942242E626007071AA /* MailBodyTableViewCell.xib in Resources */,
				E5B2DD6822FDDE3C00EB84A4 /* AddressFieldCollectionViewCell.xib in Resources */,
				E580A2DF22EBAA2200E90C89 /* KeyImportTableViewCell.xib in Resources */,
				A343D6F0238D576A00EF8BD9 /* IdentityChooserTableViewCell.xib in Resources */,
				E567B4702236D51D00FA9945 /* LaunchScreen.storyboard in Resources */,
				E567B46D2236D51D00FA9945 /* Assets.xcassets in Resources */,
				E51C60362319A03600FEB411 /* ArialBlack.ttf in Resources */,
				E5F1D7882242D3E4007071AA /* AddressTableViewCell.xib in Resources */,
				E51C60382319A0EE00FEB411 /* Tahoma.ttf in Resources */,
				E5BB7747232FB7E200DA6979 /* GroupTableViewCell.xib in Resources */,
				E5F1D7902242E067007071AA /* MailSubjectTableViewCell.xib in Resources */,
				E567B46B2236D51C00FA9945 /* Main.storyboard in Resources */,
				68B692B854E411066EFCFEA5 /* Light.plist in Resources */,
				68B6979FB500692133EE880F /* Dark.plist in Resources */,
				68B691FEFCD437BAD0B5D0FF /* Config.plist in Resources */,
			);
			runOnlyForDeploymentPostprocessing = 0;
		};
		E567B4742236D51D00FA9945 /* Resources */ = {
			isa = PBXResourcesBuildPhase;
			buildActionMask = 2147483647;
			files = (
			);
			runOnlyForDeploymentPostprocessing = 0;
		};
		E567B47F2236D51D00FA9945 /* Resources */ = {
			isa = PBXResourcesBuildPhase;
			buildActionMask = 2147483647;
			files = (
			);
			runOnlyForDeploymentPostprocessing = 0;
		};
/* End PBXResourcesBuildPhase section */

/* Begin PBXShellScriptBuildPhase section */
		5F2B7392B68E33C7B7D0A034 /* [CP] Check Pods Manifest.lock */ = {
			isa = PBXShellScriptBuildPhase;
			buildActionMask = 2147483647;
			files = (
			);
			inputPaths = (
				"${PODS_PODFILE_DIR_PATH}/Podfile.lock",
				"${PODS_ROOT}/Manifest.lock",
			);
			name = "[CP] Check Pods Manifest.lock";
			outputPaths = (
				"$(DERIVED_FILE_DIR)/Pods-PrivateMailTests-checkManifestLockResult.txt",
			);
			runOnlyForDeploymentPostprocessing = 0;
			shellPath = /bin/sh;
			shellScript = "diff \"${PODS_PODFILE_DIR_PATH}/Podfile.lock\" \"${PODS_ROOT}/Manifest.lock\" > /dev/null\nif [ $? != 0 ] ; then\n    # print error to STDERR\n    echo \"error: The sandbox is not in sync with the Podfile.lock. Run 'pod install' or update your CocoaPods installation.\" >&2\n    exit 1\nfi\n# This output is used by Xcode 'outputs' to avoid re-running this script phase.\necho \"SUCCESS\" > \"${SCRIPT_OUTPUT_FILE_0}\"\n";
			showEnvVarsInLog = 0;
		};
		E713C8984CE0885B67C80161 /* [CP] Check Pods Manifest.lock */ = {
			isa = PBXShellScriptBuildPhase;
			buildActionMask = 2147483647;
			files = (
			);
			inputPaths = (
				"${PODS_PODFILE_DIR_PATH}/Podfile.lock",
				"${PODS_ROOT}/Manifest.lock",
			);
			name = "[CP] Check Pods Manifest.lock";
			outputPaths = (
				"$(DERIVED_FILE_DIR)/Pods-PrivateMailUITests-checkManifestLockResult.txt",
			);
			runOnlyForDeploymentPostprocessing = 0;
			shellPath = /bin/sh;
			shellScript = "diff \"${PODS_PODFILE_DIR_PATH}/Podfile.lock\" \"${PODS_ROOT}/Manifest.lock\" > /dev/null\nif [ $? != 0 ] ; then\n    # print error to STDERR\n    echo \"error: The sandbox is not in sync with the Podfile.lock. Run 'pod install' or update your CocoaPods installation.\" >&2\n    exit 1\nfi\n# This output is used by Xcode 'outputs' to avoid re-running this script phase.\necho \"SUCCESS\" > \"${SCRIPT_OUTPUT_FILE_0}\"\n";
			showEnvVarsInLog = 0;
		};
		F6648D8A6E0195E96B2D06FC /* [CP] Embed Pods Frameworks */ = {
			isa = PBXShellScriptBuildPhase;
			buildActionMask = 2147483647;
			files = (
			);
			inputFileListPaths = (
				"${PODS_ROOT}/Target Support Files/Pods-PrivateMail/Pods-PrivateMail-frameworks-${CONFIGURATION}-input-files.xcfilelist",
			);
			name = "[CP] Embed Pods Frameworks";
			outputFileListPaths = (
				"${PODS_ROOT}/Target Support Files/Pods-PrivateMail/Pods-PrivateMail-frameworks-${CONFIGURATION}-output-files.xcfilelist",
			);
			runOnlyForDeploymentPostprocessing = 0;
			shellPath = /bin/sh;
			shellScript = "\"${PODS_ROOT}/Target Support Files/Pods-PrivateMail/Pods-PrivateMail-frameworks.sh\"\n";
			showEnvVarsInLog = 0;
		};
		FBE52F11FCB28CB0AB115562 /* [CP] Check Pods Manifest.lock */ = {
			isa = PBXShellScriptBuildPhase;
			buildActionMask = 2147483647;
			files = (
			);
			inputPaths = (
				"${PODS_PODFILE_DIR_PATH}/Podfile.lock",
				"${PODS_ROOT}/Manifest.lock",
			);
			name = "[CP] Check Pods Manifest.lock";
			outputPaths = (
				"$(DERIVED_FILE_DIR)/Pods-PrivateMail-checkManifestLockResult.txt",
			);
			runOnlyForDeploymentPostprocessing = 0;
			shellPath = /bin/sh;
			shellScript = "diff \"${PODS_PODFILE_DIR_PATH}/Podfile.lock\" \"${PODS_ROOT}/Manifest.lock\" > /dev/null\nif [ $? != 0 ] ; then\n    # print error to STDERR\n    echo \"error: The sandbox is not in sync with the Podfile.lock. Run 'pod install' or update your CocoaPods installation.\" >&2\n    exit 1\nfi\n# This output is used by Xcode 'outputs' to avoid re-running this script phase.\necho \"SUCCESS\" > \"${SCRIPT_OUTPUT_FILE_0}\"\n";
			showEnvVarsInLog = 0;
		};
/* End PBXShellScriptBuildPhase section */

/* Begin PBXSourcesBuildPhase section */
		E567B45E2236D51C00FA9945 /* Sources */ = {
			isa = PBXSourcesBuildPhase;
			buildActionMask = 2147483647;
			files = (
				E5690D6B22CFFF0E003493E1 /* SettingsButtonTableViewCell.swift in Sources */,
				E5A032EB223B16BB001BC795 /* ModelControllers.swift in Sources */,
				E5F1D7842242CFE2007071AA /* ContactsViewController.swift in Sources */,
				E5690D6622CFDC5F003493E1 /* CommonSettingsViewController.swift in Sources */,
				E5690D6222CFD23B003493E1 /* SettingsTableViewCell.swift in Sources */,
				A343D6F2238D57BE00EF8BD9 /* IdentityChooserTableViewCell.swift in Sources */,
				E5BB7742232FAFF400DA6979 /* GroupsViewController.swift in Sources */,
				DBEB4DEB23DEE98600E957F6 /* ValidCreateSign.swift in Sources */,
				A3EF513D238521C300B2D9C1 /* UserLimitsViewController.swift in Sources */,
				E5F28AA322387ACB002721ED /* SideMenuViewController.swift in Sources */,
				E567B4682236D51C00FA9945 /* MainViewController.swift in Sources */,
				DB21C1D923D5A0700016BD3A /* TwoFactorAuthController.swift in Sources */,
				E5F28A972238442D002721ED /* MailTableViewCell.swift in Sources */,
				E5690D7222D042B1003493E1 /* ImportKeysListViewController.swift in Sources */,
				E540988D22837B8600E2C588 /* MailHTMLBodyTableViewCell.swift in Sources */,
				E5A032E9223B0BDB001BC795 /* Helpers.swift in Sources */,
				E5A032ED223B1A11001BC795 /* MailViewController.swift in Sources */,
				E5F1D78B2242DAF2007071AA /* AddressCollectionViewCell.swift in Sources */,
				E5690D6E22D0100F003493E1 /* PGPKeyPreviewViewController.swift in Sources */,
				E5F28A9B22384A56002721ED /* API.swift in Sources */,
				E544D2F622EA328A00FA468F /* ContactDetailsViewController.swift in Sources */,
				E5F28AA1223864B2002721ED /* ColorScheme.swift in Sources */,
				E58493DA22E9027700E6F160 /* ContactTableViewCell.swift in Sources */,
				E5BB7746232FB7E200DA6979 /* GroupTableViewCell.swift in Sources */,
				E5B2DD6722FDDE3C00EB84A4 /* AddressFieldCollectionViewCell.swift in Sources */,
				E544D2FC22EA35FF00FA468F /* ContactDetailTableViewCell.swift in Sources */,
				E5A032E6223B0AFC001BC795 /* FolderTableViewCell.swift in Sources */,
				E5690D7022D03659003493E1 /* ImportKeysFromTextViewController.swift in Sources */,
				E526714E2253E54900A1D180 /* APIObjects.swift in Sources */,
				E5F28A9D223856DD002721ED /* LoginViewController.swift in Sources */,
				E5630A1E224AD1D7002A0FDA /* MailHeaderTableViewCell.swift in Sources */,
				E5F1D78F2242E067007071AA /* MailSubjectTableViewCell.swift in Sources */,
				E5CF520F228CA3BF00E94704 /* StorageProvider.swift in Sources */,
				E5CF5211228CA42400E94704 /* MenuModelController.swift in Sources */,
				E5111F052242BA420036501F /* SettingsViewController.swift in Sources */,
				E580A2DE22EBAA2200E90C89 /* KeyImportTableViewCell.swift in Sources */,
				E5690D6822CFEB0A003493E1 /* SyncSettingsViewController.swift in Sources */,
				E5F1D7932242E626007071AA /* MailBodyTableViewCell.swift in Sources */,
				E5F1D7872242D3E4007071AA /* AddressTableViewCell.swift in Sources */,
				E57C099423399F0F008FB3C2 /* GroupDetailsViewController.swift in Sources */,
				E5630A22224AE87B002A0FDA /* MailAttachmentTableViewCell.swift in Sources */,
				E50122672288981D00CC7477 /* MailPageViewController.swift in Sources */,
				E5690D5F22CFCC7C003493E1 /* PGPSettingsViewController.swift in Sources */,
				DB4736A323CF2D2700D1AD06 /* ValidSignVerify.swift in Sources */,
				E567B4662236D51C00FA9945 /* AppDelegate.swift in Sources */,
				E5F28A9F22386172002721ED /* ComposeMailViewController.swift in Sources */,
				68B69E0B97169433F5B29933 /* Collection+Extensions.swift in Sources */,
				68B69D19C4A295CF0668565B /* Localizable.swift in Sources */,
				DB33C78B23DB0D7900AB88D9 /* AboutController.swift in Sources */,
				68B696FFFEAA5C22DB6234B1 /* UILabel+Extension.swift in Sources */,
				68B6981AC67611DFC4C286A3 /* UIButton+Extension.swift in Sources */,
				68B69FCD8C45A8FE800F8D94 /* UrlsManager.swift in Sources */,
				68B69EBCB168B6C10FDB5F11 /* Theme.swift in Sources */,
				68B699A88E768DE0E8FFB378 /* Buttons.swift in Sources */,
				68B69A9D5F29A7BEA8DA7DA1 /* IdentitiesRepository.swift in Sources */,
				68B69BC500695504BF207CE0 /* ProgressHUD.swift in Sources */,
				68B69FBBED1384FDD1E46E92 /* Config.swift in Sources */,
			);
			runOnlyForDeploymentPostprocessing = 0;
		};
		E567B4722236D51D00FA9945 /* Sources */ = {
			isa = PBXSourcesBuildPhase;
			buildActionMask = 2147483647;
			files = (
				E567B47B2236D51D00FA9945 /* PrivateMailTests.swift in Sources */,
			);
			runOnlyForDeploymentPostprocessing = 0;
		};
		E567B47D2236D51D00FA9945 /* Sources */ = {
			isa = PBXSourcesBuildPhase;
			buildActionMask = 2147483647;
			files = (
				E567B4862236D51D00FA9945 /* PrivateMailUITests.swift in Sources */,
			);
			runOnlyForDeploymentPostprocessing = 0;
		};
/* End PBXSourcesBuildPhase section */

/* Begin PBXTargetDependency section */
		E567B4782236D51D00FA9945 /* PBXTargetDependency */ = {
			isa = PBXTargetDependency;
			target = E567B4612236D51C00FA9945 /* PrivateMail */;
			targetProxy = E567B4772236D51D00FA9945 /* PBXContainerItemProxy */;
		};
		E567B4832236D51D00FA9945 /* PBXTargetDependency */ = {
			isa = PBXTargetDependency;
			target = E567B4612236D51C00FA9945 /* PrivateMail */;
			targetProxy = E567B4822236D51D00FA9945 /* PBXContainerItemProxy */;
		};
/* End PBXTargetDependency section */

/* Begin PBXVariantGroup section */
		E567B4692236D51C00FA9945 /* Main.storyboard */ = {
			isa = PBXVariantGroup;
			children = (
				E567B46A2236D51C00FA9945 /* Base */,
			);
			name = Main.storyboard;
			sourceTree = "<group>";
		};
		E567B46E2236D51D00FA9945 /* LaunchScreen.storyboard */ = {
			isa = PBXVariantGroup;
			children = (
				E567B46F2236D51D00FA9945 /* Base */,
			);
			name = LaunchScreen.storyboard;
			sourceTree = "<group>";
		};
		E5A032E2223ADEA1001BC795 /* Localizable.strings */ = {
			isa = PBXVariantGroup;
			children = (
				E5A032E1223ADEA1001BC795 /* en */,
			);
			name = Localizable.strings;
			sourceTree = "<group>";
		};
/* End PBXVariantGroup section */

/* Begin XCBuildConfiguration section */
		E567B4882236D51D00FA9945 /* Debug */ = {
			isa = XCBuildConfiguration;
			buildSettings = {
				ALWAYS_SEARCH_USER_PATHS = NO;
				CLANG_ANALYZER_LOCALIZABILITY_NONLOCALIZED = YES;
				CLANG_ANALYZER_NONNULL = YES;
				CLANG_ANALYZER_NUMBER_OBJECT_CONVERSION = YES_AGGRESSIVE;
				CLANG_CXX_LANGUAGE_STANDARD = "gnu++14";
				CLANG_CXX_LIBRARY = "libc++";
				CLANG_ENABLE_MODULES = YES;
				CLANG_ENABLE_OBJC_ARC = YES;
				CLANG_ENABLE_OBJC_WEAK = YES;
				CLANG_WARN_BLOCK_CAPTURE_AUTORELEASING = YES;
				CLANG_WARN_BOOL_CONVERSION = YES;
				CLANG_WARN_COMMA = YES;
				CLANG_WARN_CONSTANT_CONVERSION = YES;
				CLANG_WARN_DEPRECATED_OBJC_IMPLEMENTATIONS = YES;
				CLANG_WARN_DIRECT_OBJC_ISA_USAGE = YES_ERROR;
				CLANG_WARN_DOCUMENTATION_COMMENTS = YES;
				CLANG_WARN_EMPTY_BODY = YES;
				CLANG_WARN_ENUM_CONVERSION = YES;
				CLANG_WARN_INFINITE_RECURSION = YES;
				CLANG_WARN_INT_CONVERSION = YES;
				CLANG_WARN_NON_LITERAL_NULL_CONVERSION = YES;
				CLANG_WARN_OBJC_IMPLICIT_RETAIN_SELF = YES;
				CLANG_WARN_OBJC_LITERAL_CONVERSION = YES;
				CLANG_WARN_OBJC_ROOT_CLASS = YES_ERROR;
				CLANG_WARN_RANGE_LOOP_ANALYSIS = YES;
				CLANG_WARN_STRICT_PROTOTYPES = YES;
				CLANG_WARN_SUSPICIOUS_MOVE = YES;
				CLANG_WARN_UNGUARDED_AVAILABILITY = YES_AGGRESSIVE;
				CLANG_WARN_UNREACHABLE_CODE = YES;
				CLANG_WARN__DUPLICATE_METHOD_MATCH = YES;
				CODE_SIGN_IDENTITY = "iPhone Developer";
				COPY_PHASE_STRIP = NO;
				DEBUG_INFORMATION_FORMAT = dwarf;
				ENABLE_STRICT_OBJC_MSGSEND = YES;
				ENABLE_TESTABILITY = YES;
				GCC_C_LANGUAGE_STANDARD = gnu11;
				GCC_DYNAMIC_NO_PIC = NO;
				GCC_NO_COMMON_BLOCKS = YES;
				GCC_OPTIMIZATION_LEVEL = 0;
				GCC_PREPROCESSOR_DEFINITIONS = (
					"DEBUG=1",
					"$(inherited)",
				);
				GCC_WARN_64_TO_32_BIT_CONVERSION = YES;
				GCC_WARN_ABOUT_RETURN_TYPE = YES_ERROR;
				GCC_WARN_UNDECLARED_SELECTOR = YES;
				GCC_WARN_UNINITIALIZED_AUTOS = YES_AGGRESSIVE;
				GCC_WARN_UNUSED_FUNCTION = YES;
				GCC_WARN_UNUSED_VARIABLE = YES;
				IPHONEOS_DEPLOYMENT_TARGET = 11.0;
				MTL_ENABLE_DEBUG_INFO = INCLUDE_SOURCE;
				MTL_FAST_MATH = YES;
				ONLY_ACTIVE_ARCH = YES;
				SDKROOT = iphoneos;
				SWIFT_ACTIVE_COMPILATION_CONDITIONS = DEBUG;
				SWIFT_OPTIMIZATION_LEVEL = "-Onone";
			};
			name = Debug;
		};
		E567B4892236D51D00FA9945 /* Release */ = {
			isa = XCBuildConfiguration;
			buildSettings = {
				ALWAYS_SEARCH_USER_PATHS = NO;
				CLANG_ANALYZER_LOCALIZABILITY_NONLOCALIZED = YES;
				CLANG_ANALYZER_NONNULL = YES;
				CLANG_ANALYZER_NUMBER_OBJECT_CONVERSION = YES_AGGRESSIVE;
				CLANG_CXX_LANGUAGE_STANDARD = "gnu++14";
				CLANG_CXX_LIBRARY = "libc++";
				CLANG_ENABLE_MODULES = YES;
				CLANG_ENABLE_OBJC_ARC = YES;
				CLANG_ENABLE_OBJC_WEAK = YES;
				CLANG_WARN_BLOCK_CAPTURE_AUTORELEASING = YES;
				CLANG_WARN_BOOL_CONVERSION = YES;
				CLANG_WARN_COMMA = YES;
				CLANG_WARN_CONSTANT_CONVERSION = YES;
				CLANG_WARN_DEPRECATED_OBJC_IMPLEMENTATIONS = YES;
				CLANG_WARN_DIRECT_OBJC_ISA_USAGE = YES_ERROR;
				CLANG_WARN_DOCUMENTATION_COMMENTS = YES;
				CLANG_WARN_EMPTY_BODY = YES;
				CLANG_WARN_ENUM_CONVERSION = YES;
				CLANG_WARN_INFINITE_RECURSION = YES;
				CLANG_WARN_INT_CONVERSION = YES;
				CLANG_WARN_NON_LITERAL_NULL_CONVERSION = YES;
				CLANG_WARN_OBJC_IMPLICIT_RETAIN_SELF = YES;
				CLANG_WARN_OBJC_LITERAL_CONVERSION = YES;
				CLANG_WARN_OBJC_ROOT_CLASS = YES_ERROR;
				CLANG_WARN_RANGE_LOOP_ANALYSIS = YES;
				CLANG_WARN_STRICT_PROTOTYPES = YES;
				CLANG_WARN_SUSPICIOUS_MOVE = YES;
				CLANG_WARN_UNGUARDED_AVAILABILITY = YES_AGGRESSIVE;
				CLANG_WARN_UNREACHABLE_CODE = YES;
				CLANG_WARN__DUPLICATE_METHOD_MATCH = YES;
				CODE_SIGN_IDENTITY = "iPhone Developer";
				COPY_PHASE_STRIP = NO;
				DEBUG_INFORMATION_FORMAT = "dwarf-with-dsym";
				ENABLE_NS_ASSERTIONS = NO;
				ENABLE_STRICT_OBJC_MSGSEND = YES;
				GCC_C_LANGUAGE_STANDARD = gnu11;
				GCC_NO_COMMON_BLOCKS = YES;
				GCC_WARN_64_TO_32_BIT_CONVERSION = YES;
				GCC_WARN_ABOUT_RETURN_TYPE = YES_ERROR;
				GCC_WARN_UNDECLARED_SELECTOR = YES;
				GCC_WARN_UNINITIALIZED_AUTOS = YES_AGGRESSIVE;
				GCC_WARN_UNUSED_FUNCTION = YES;
				GCC_WARN_UNUSED_VARIABLE = YES;
				IPHONEOS_DEPLOYMENT_TARGET = 11.0;
				MTL_ENABLE_DEBUG_INFO = NO;
				MTL_FAST_MATH = YES;
				SDKROOT = iphoneos;
				SWIFT_COMPILATION_MODE = wholemodule;
				SWIFT_OPTIMIZATION_LEVEL = "-O";
				VALIDATE_PRODUCT = YES;
			};
			name = Release;
		};
		E567B48B2236D51D00FA9945 /* Debug */ = {
			isa = XCBuildConfiguration;
			baseConfigurationReference = 40D2CBDF1905F6336C38A08A /* Pods-PrivateMail.debug.xcconfig */;
			buildSettings = {
				ASSETCATALOG_COMPILER_APPICON_NAME = AppIcon;
				CODE_SIGN_ENTITLEMENTS = PrivateMail/PrivateMail.entitlements;
				CODE_SIGN_IDENTITY = "Apple Development";
				CODE_SIGN_STYLE = Automatic;
				CURRENT_PROJECT_VERSION = 2;
				DEVELOPMENT_TEAM = K6298N65JA;
				ENABLE_BITCODE = NO;
				INFOPLIST_FILE = PrivateMail/Info.plist;
				LD_RUNPATH_SEARCH_PATHS = (
					"$(inherited)",
					"@executable_path/Frameworks",
				);
				MARKETING_VERSION = 1.1.0;
				PRODUCT_BUNDLE_IDENTIFIER = com.PrivateRouter.PrivateMailApplication;
				PRODUCT_NAME = PrivateMail;
				PROVISIONING_PROFILE_SPECIFIER = "";
				SWIFT_VERSION = 5.0;
				TARGETED_DEVICE_FAMILY = 1;
			};
			name = Debug;
		};
		E567B48C2236D51D00FA9945 /* Release */ = {
			isa = XCBuildConfiguration;
			baseConfigurationReference = 348916663F4D5598C1A29D4E /* Pods-PrivateMail.release.xcconfig */;
			buildSettings = {
				ASSETCATALOG_COMPILER_APPICON_NAME = AppIcon;
				CODE_SIGN_ENTITLEMENTS = PrivateMail/PrivateMail.entitlements;
				CODE_SIGN_IDENTITY = "Apple Development";
				CODE_SIGN_STYLE = Automatic;
				CURRENT_PROJECT_VERSION = 2;
				DEVELOPMENT_TEAM = K6298N65JA;
				ENABLE_BITCODE = NO;
				INFOPLIST_FILE = PrivateMail/Info.plist;
				LD_RUNPATH_SEARCH_PATHS = (
					"$(inherited)",
					"@executable_path/Frameworks",
				);
				MARKETING_VERSION = 1.1.0;
				PRODUCT_BUNDLE_IDENTIFIER = com.PrivateRouter.PrivateMailApplication;
				PRODUCT_NAME = PrivateMail;
				PROVISIONING_PROFILE_SPECIFIER = "";
				SWIFT_VERSION = 5.0;
				TARGETED_DEVICE_FAMILY = 1;
			};
			name = Release;
		};
		E567B48E2236D51D00FA9945 /* Debug */ = {
			isa = XCBuildConfiguration;
			baseConfigurationReference = 94A918A7C51F5483393C5599 /* Pods-PrivateMailTests.debug.xcconfig */;
			buildSettings = {
				ALWAYS_EMBED_SWIFT_STANDARD_LIBRARIES = YES;
				BUNDLE_LOADER = "$(TEST_HOST)";
				CODE_SIGN_STYLE = Automatic;
				DEVELOPMENT_TEAM = 2686KEVMM9;
				INFOPLIST_FILE = PrivateMailTests/Info.plist;
				LD_RUNPATH_SEARCH_PATHS = (
					"$(inherited)",
					"@executable_path/Frameworks",
					"@loader_path/Frameworks",
				);
				PRODUCT_BUNDLE_IDENTIFIER = com.PrivateRouter.PrivateMailTests;
				PRODUCT_NAME = "$(TARGET_NAME)";
				SWIFT_VERSION = 5.0;
				TARGETED_DEVICE_FAMILY = "1,2";
				TEST_HOST = "$(BUILT_PRODUCTS_DIR)/PrivateMail.app/PrivateMail";
			};
			name = Debug;
		};
		E567B48F2236D51D00FA9945 /* Release */ = {
			isa = XCBuildConfiguration;
			baseConfigurationReference = DEFC454AF38985DF497E55D5 /* Pods-PrivateMailTests.release.xcconfig */;
			buildSettings = {
				ALWAYS_EMBED_SWIFT_STANDARD_LIBRARIES = YES;
				BUNDLE_LOADER = "$(TEST_HOST)";
				CODE_SIGN_STYLE = Automatic;
				DEVELOPMENT_TEAM = 2686KEVMM9;
				INFOPLIST_FILE = PrivateMailTests/Info.plist;
				LD_RUNPATH_SEARCH_PATHS = (
					"$(inherited)",
					"@executable_path/Frameworks",
					"@loader_path/Frameworks",
				);
				PRODUCT_BUNDLE_IDENTIFIER = com.PrivateRouter.PrivateMailTests;
				PRODUCT_NAME = "$(TARGET_NAME)";
				SWIFT_VERSION = 5.0;
				TARGETED_DEVICE_FAMILY = "1,2";
				TEST_HOST = "$(BUILT_PRODUCTS_DIR)/PrivateMail.app/PrivateMail";
			};
			name = Release;
		};
		E567B4912236D51D00FA9945 /* Debug */ = {
			isa = XCBuildConfiguration;
			baseConfigurationReference = 395F47C3D4BEB2B73EFD2B2B /* Pods-PrivateMailUITests.debug.xcconfig */;
			buildSettings = {
				ALWAYS_EMBED_SWIFT_STANDARD_LIBRARIES = YES;
				CODE_SIGN_STYLE = Automatic;
				DEVELOPMENT_TEAM = 2686KEVMM9;
				INFOPLIST_FILE = PrivateMailUITests/Info.plist;
				LD_RUNPATH_SEARCH_PATHS = (
					"$(inherited)",
					"@executable_path/Frameworks",
					"@loader_path/Frameworks",
				);
				PRODUCT_BUNDLE_IDENTIFIER = com.PrivateRouter.PrivateMailUITests;
				PRODUCT_NAME = "$(TARGET_NAME)";
				SWIFT_VERSION = 5.0;
				TARGETED_DEVICE_FAMILY = "1,2";
				TEST_TARGET_NAME = PrivateMail;
			};
			name = Debug;
		};
		E567B4922236D51D00FA9945 /* Release */ = {
			isa = XCBuildConfiguration;
			baseConfigurationReference = F52C0DEFAA7A3AD684340A13 /* Pods-PrivateMailUITests.release.xcconfig */;
			buildSettings = {
				ALWAYS_EMBED_SWIFT_STANDARD_LIBRARIES = YES;
				CODE_SIGN_STYLE = Automatic;
				DEVELOPMENT_TEAM = 2686KEVMM9;
				INFOPLIST_FILE = PrivateMailUITests/Info.plist;
				LD_RUNPATH_SEARCH_PATHS = (
					"$(inherited)",
					"@executable_path/Frameworks",
					"@loader_path/Frameworks",
				);
				PRODUCT_BUNDLE_IDENTIFIER = com.PrivateRouter.PrivateMailUITests;
				PRODUCT_NAME = "$(TARGET_NAME)";
				SWIFT_VERSION = 5.0;
				TARGETED_DEVICE_FAMILY = "1,2";
				TEST_TARGET_NAME = PrivateMail;
			};
			name = Release;
		};
/* End XCBuildConfiguration section */

/* Begin XCConfigurationList section */
		E567B45D2236D51C00FA9945 /* Build configuration list for PBXProject "PrivateMail" */ = {
			isa = XCConfigurationList;
			buildConfigurations = (
				E567B4882236D51D00FA9945 /* Debug */,
				E567B4892236D51D00FA9945 /* Release */,
			);
			defaultConfigurationIsVisible = 0;
			defaultConfigurationName = Release;
		};
		E567B48A2236D51D00FA9945 /* Build configuration list for PBXNativeTarget "PrivateMail" */ = {
			isa = XCConfigurationList;
			buildConfigurations = (
				E567B48B2236D51D00FA9945 /* Debug */,
				E567B48C2236D51D00FA9945 /* Release */,
			);
			defaultConfigurationIsVisible = 0;
			defaultConfigurationName = Release;
		};
		E567B48D2236D51D00FA9945 /* Build configuration list for PBXNativeTarget "PrivateMailTests" */ = {
			isa = XCConfigurationList;
			buildConfigurations = (
				E567B48E2236D51D00FA9945 /* Debug */,
				E567B48F2236D51D00FA9945 /* Release */,
			);
			defaultConfigurationIsVisible = 0;
			defaultConfigurationName = Release;
		};
		E567B4902236D51D00FA9945 /* Build configuration list for PBXNativeTarget "PrivateMailUITests" */ = {
			isa = XCConfigurationList;
			buildConfigurations = (
				E567B4912236D51D00FA9945 /* Debug */,
				E567B4922236D51D00FA9945 /* Release */,
			);
			defaultConfigurationIsVisible = 0;
			defaultConfigurationName = Release;
		};
/* End XCConfigurationList section */
	};
	rootObject = E567B45A2236D51C00FA9945 /* Project object */;
}
